<?xml version="1.0" encoding="utf-8"?>
<Project ToolsVersion="4.0" xmlns="http://schemas.microsoft.com/developer/msbuild/2003">
  <ItemGroup>
    <Filter Include="Source Files">
      <UniqueIdentifier>{4FC737F1-C7A5-4376-A066-2A32D752A2FF}</UniqueIdentifier>
      <Extensions>cpp;c;cc;cxx;c++;cppm;ixx;def;odl;idl;hpj;bat;asm;asmx</Extensions>
    </Filter>
    <Filter Include="Header Files">
      <UniqueIdentifier>{93995380-89BD-4b04-88EB-625FBE52EBFB}</UniqueIdentifier>
      <Extensions>h;hh;hpp;hxx;h++;hm;inl;inc;ipp;xsd</Extensions>
    </Filter>
    <Filter Include="Resource Files">
      <UniqueIdentifier>{67DA6AB6-F800-4c08-8B7A-83BB121AAD01}</UniqueIdentifier>
      <Extensions>rc;ico;cur;bmp;dlg;rc2;rct;bin;rgs;gif;jpg;jpeg;jpe;resx;tiff;tif;png;wav;mfcribbon-ms</Extensions>
    </Filter>
    <Filter Include="Header Files\compiler">
      <UniqueIdentifier>{56022a91-fc54-492d-b426-6eac332586ed}</UniqueIdentifier>
    </Filter>
    <Filter Include="Header Files\port">
      <UniqueIdentifier>{a7989441-3c6c-410d-8c28-770cb3b5f676}</UniqueIdentifier>
    </Filter>
    <Filter Include="Header Files\port\androidJNI">
      <UniqueIdentifier>{6b8b6581-36fa-4129-9923-583627457254}</UniqueIdentifier>
    </Filter>
  </ItemGroup>
  <ItemGroup>
    <None Include="headers\.editorconfig">
      <Filter>Header Files</Filter>
    </None>
    <None Include="headers\color4.inl">
      <Filter>Header Files</Filter>
    </None>
    <None Include="headers\config.h.in">
      <Filter>Header Files</Filter>
    </None>
    <None Include="headers\material.inl">
      <Filter>Header Files</Filter>
    </None>
    <None Include="headers\matrix3x3.inl">
      <Filter>Header Files</Filter>
    </None>
    <None Include="headers\matrix4x4.inl">
      <Filter>Header Files</Filter>
    </None>
    <None Include="headers\quaternion.inl">
      <Filter>Header Files</Filter>
    </None>
    <None Include="headers\SmoothingGroups.inl">
      <Filter>Header Files</Filter>
    </None>
    <None Include="headers\vector2.inl">
      <Filter>Header Files</Filter>
    </None>
    <None Include="headers\vector3.inl">
      <Filter>Header Files</Filter>
    </None>
  </ItemGroup>
  <ItemGroup>
    <ClInclude Include="headers\aabb.h">
      <Filter>Header Files</Filter>
    </ClInclude>
    <ClInclude Include="headers\ai_assert.h">
      <Filter>Header Files</Filter>
    </ClInclude>
    <ClInclude Include="headers\anim.h">
      <Filter>Header Files</Filter>
    </ClInclude>
    <ClInclude Include="headers\AssertHandler.h">
      <Filter>Header Files</Filter>
    </ClInclude>
    <ClInclude Include="headers\Base64.hpp">
      <Filter>Header Files</Filter>
    </ClInclude>
    <ClInclude Include="headers\BaseImporter.h">
      <Filter>Header Files</Filter>
    </ClInclude>
    <ClInclude Include="headers\Bitmap.h">
      <Filter>Header Files</Filter>
    </ClInclude>
    <ClInclude Include="headers\BlobIOSystem.h">
      <Filter>Header Files</Filter>
    </ClInclude>
    <ClInclude Include="headers\ByteSwapper.h">
      <Filter>Header Files</Filter>
    </ClInclude>
    <ClInclude Include="headers\camera.h">
      <Filter>Header Files</Filter>
    </ClInclude>
    <ClInclude Include="headers\cexport.h">
      <Filter>Header Files</Filter>
    </ClInclude>
    <ClInclude Include="headers\cfileio.h">
      <Filter>Header Files</Filter>
    </ClInclude>
    <ClInclude Include="headers\cimport.h">
      <Filter>Header Files</Filter>
    </ClInclude>
    <ClInclude Include="headers\ColladaMetaData.h">
      <Filter>Header Files</Filter>
    </ClInclude>
    <ClInclude Include="headers\color4.h">
      <Filter>Header Files</Filter>
    </ClInclude>
    <ClInclude Include="headers\commonMetaData.h">
      <Filter>Header Files</Filter>
    </ClInclude>
    <ClInclude Include="headers\config.h">
      <Filter>Header Files</Filter>
    </ClInclude>
    <ClInclude Include="headers\CreateAnimMesh.h">
      <Filter>Header Files</Filter>
    </ClInclude>
    <ClInclude Include="headers\DefaultIOStream.h">
      <Filter>Header Files</Filter>
    </ClInclude>
    <ClInclude Include="headers\DefaultIOSystem.h">
      <Filter>Header Files</Filter>
    </ClInclude>
    <ClInclude Include="headers\DefaultLogger.hpp">
      <Filter>Header Files</Filter>
    </ClInclude>
    <ClInclude Include="headers\defs.h">
      <Filter>Header Files</Filter>
    </ClInclude>
    <ClInclude Include="headers\Exceptional.h">
      <Filter>Header Files</Filter>
    </ClInclude>
    <ClInclude Include="headers\Exporter.hpp">
      <Filter>Header Files</Filter>
    </ClInclude>
    <ClInclude Include="headers\fast_atof.h">
      <Filter>Header Files</Filter>
    </ClInclude>
    <ClInclude Include="headers\GenericProperty.h">
      <Filter>Header Files</Filter>
    </ClInclude>
    <ClInclude Include="headers\GltfMaterial.h">
      <Filter>Header Files</Filter>
    </ClInclude>
    <ClInclude Include="headers\Hash.h">
      <Filter>Header Files</Filter>
    </ClInclude>
    <ClInclude Include="headers\Importer.hpp">
      <Filter>Header Files</Filter>
    </ClInclude>
    <ClInclude Include="headers\importerdesc.h">
      <Filter>Header Files</Filter>
    </ClInclude>
    <ClInclude Include="headers\IOStream.hpp">
      <Filter>Header Files</Filter>
    </ClInclude>
    <ClInclude Include="headers\IOStreamBuffer.h">
      <Filter>Header Files</Filter>
    </ClInclude>
    <ClInclude Include="headers\IOSystem.hpp">
      <Filter>Header Files</Filter>
    </ClInclude>
    <ClInclude Include="headers\light.h">
      <Filter>Header Files</Filter>
    </ClInclude>
    <ClInclude Include="headers\LineSplitter.h">
      <Filter>Header Files</Filter>
    </ClInclude>
    <ClInclude Include="headers\LogAux.h">
      <Filter>Header Files</Filter>
    </ClInclude>
    <ClInclude Include="headers\Logger.hpp">
      <Filter>Header Files</Filter>
    </ClInclude>
    <ClInclude Include="headers\LogStream.hpp">
      <Filter>Header Files</Filter>
    </ClInclude>
    <ClInclude Include="headers\material.h">
      <Filter>Header Files</Filter>
    </ClInclude>
    <ClInclude Include="headers\MathFunctions.h">
      <Filter>Header Files</Filter>
    </ClInclude>
    <ClInclude Include="headers\matrix3x3.h">
      <Filter>Header Files</Filter>
    </ClInclude>
    <ClInclude Include="headers\matrix4x4.h">
      <Filter>Header Files</Filter>
    </ClInclude>
    <ClInclude Include="headers\MemoryIOWrapper.h">
      <Filter>Header Files</Filter>
    </ClInclude>
    <ClInclude Include="headers\mesh.h">
      <Filter>Header Files</Filter>
    </ClInclude>
    <ClInclude Include="headers\metadata.h">
      <Filter>Header Files</Filter>
    </ClInclude>
    <ClInclude Include="headers\NullLogger.hpp">
      <Filter>Header Files</Filter>
    </ClInclude>
    <ClInclude Include="headers\ObjMaterial.h">
      <Filter>Header Files</Filter>
    </ClInclude>
    <ClInclude Include="headers\ParsingUtils.h">
      <Filter>Header Files</Filter>
    </ClInclude>
    <ClInclude Include="headers\pbrmaterial.h">
      <Filter>Header Files</Filter>
    </ClInclude>
    <ClInclude Include="headers\postprocess.h">
      <Filter>Header Files</Filter>
    </ClInclude>
    <ClInclude Include="headers\Profiler.h">
      <Filter>Header Files</Filter>
    </ClInclude>
    <ClInclude Include="headers\ProgressHandler.hpp">
      <Filter>Header Files</Filter>
    </ClInclude>
    <ClInclude Include="headers\qnan.h">
      <Filter>Header Files</Filter>
    </ClInclude>
    <ClInclude Include="headers\quaternion.h">
      <Filter>Header Files</Filter>
    </ClInclude>
    <ClInclude Include="headers\RemoveComments.h">
      <Filter>Header Files</Filter>
    </ClInclude>
    <ClInclude Include="headers\scene.h">
      <Filter>Header Files</Filter>
    </ClInclude>
    <ClInclude Include="headers\SceneCombiner.h">
      <Filter>Header Files</Filter>
    </ClInclude>
    <ClInclude Include="headers\SGSpatialSort.h">
      <Filter>Header Files</Filter>
    </ClInclude>
    <ClInclude Include="headers\SkeletonMeshBuilder.h">
      <Filter>Header Files</Filter>
    </ClInclude>
    <ClInclude Include="headers\SmallVector.h">
      <Filter>Header Files</Filter>
    </ClInclude>
    <ClInclude Include="headers\SmoothingGroups.h">
      <Filter>Header Files</Filter>
    </ClInclude>
    <ClInclude Include="headers\SpatialSort.h">
      <Filter>Header Files</Filter>
    </ClInclude>
    <ClInclude Include="headers\StandardShapes.h">
      <Filter>Header Files</Filter>
    </ClInclude>
    <ClInclude Include="headers\StreamReader.h">
      <Filter>Header Files</Filter>
    </ClInclude>
    <ClInclude Include="headers\StreamWriter.h">
      <Filter>Header Files</Filter>
    </ClInclude>
    <ClInclude Include="headers\StringComparison.h">
      <Filter>Header Files</Filter>
    </ClInclude>
    <ClInclude Include="headers\StringUtils.h">
      <Filter>Header Files</Filter>
    </ClInclude>
    <ClInclude Include="headers\Subdivision.h">
      <Filter>Header Files</Filter>
    </ClInclude>
    <ClInclude Include="headers\texture.h">
      <Filter>Header Files</Filter>
    </ClInclude>
    <ClInclude Include="headers\TinyFormatter.h">
      <Filter>Header Files</Filter>
    </ClInclude>
    <ClInclude Include="headers\types.h">
      <Filter>Header Files</Filter>
    </ClInclude>
    <ClInclude Include="headers\vector2.h">
      <Filter>Header Files</Filter>
    </ClInclude>
    <ClInclude Include="headers\vector3.h">
      <Filter>Header Files</Filter>
    </ClInclude>
    <ClInclude Include="headers\version.h">
      <Filter>Header Files</Filter>
    </ClInclude>
    <ClInclude Include="headers\Vertex.h">
      <Filter>Header Files</Filter>
    </ClInclude>
    <ClInclude Include="headers\XmlParser.h">
      <Filter>Header Files</Filter>
    </ClInclude>
    <ClInclude Include="headers\XMLTools.h">
      <Filter>Header Files</Filter>
    </ClInclude>
    <ClInclude Include="headers\ZipArchiveIOSystem.h">
      <Filter>Header Files</Filter>
    </ClInclude>
    <ClInclude Include="headers\Compiler\poppack1.h">
      <Filter>Header Files\compiler</Filter>
    </ClInclude>
    <ClInclude Include="headers\Compiler\pstdint.h">
      <Filter>Header Files\compiler</Filter>
    </ClInclude>
    <ClInclude Include="headers\Compiler\pushpack1.h">
      <Filter>Header Files\compiler</Filter>
    </ClInclude>
    <ClInclude Include="headers\port\AndroidJNI\AndroidJNIIOSystem.h">
      <Filter>Header Files\port\androidJNI</Filter>
    </ClInclude>
    <ClInclude Include="headers\port\AndroidJNI\BundledAssetIOSystem.h">
      <Filter>Header Files\port\androidJNI</Filter>
    </ClInclude>
  </ItemGroup>
</Project>